<?xml version="1.0" encoding="utf-8"?>
<Project ToolsVersion="4.0" xmlns="http://schemas.microsoft.com/developer/msbuild/2003">
  <ItemGroup>
    <Filter Include="Source Files">
      <UniqueIdentifier>{f56d55c5-13c0-4e74-97b5-e2eb074a8eb8}</UniqueIdentifier>
      <Extensions>c;cpp</Extensions>
    </Filter>
    <Filter Include="Header Files">
      <UniqueIdentifier>{47fcaafd-ad7d-4c13-bb80-b3cb01f6686f}</UniqueIdentifier>
      <Extensions>h</Extensions>
    </Filter>
    <Filter Include="Resource Files">
      <UniqueIdentifier>{52155375-28da-42f9-a450-54d32eb9cede}</UniqueIdentifier>
      <Extensions>cur;ico;bmp</Extensions>
    </Filter>
  </ItemGroup>
  <ItemGroup>
    <ClCompile Include="charset.cpp">
      <Filter>Source Files</Filter>
    </ClCompile>
    <ClCompile Include="chunk.cpp">
      <Filter>Source Files</Filter>
    </ClCompile>
    <ClCompile Include="iccprof.cpp">
      <Filter>Source Files</Filter>
    </ClCompile>
    <ClCompile Include="pngtodib.cpp">
      <Filter>Source Files</Filter>
    </ClCompile>
    <ClCompile Include="tweakpng.cpp">
      <Filter>Source Files</Filter>
    </ClCompile>
    <ClCompile Include="viewer.cpp">
      <Filter>Source Files</Filter>
    </ClCompile>
  </ItemGroup>
  <ItemGroup>
    <ResourceCompile Include="tweakpng.rc">
      <Filter>Source Files</Filter>
    </ResourceCompile>
  </ItemGroup>
  <ItemGroup>
    <ClInclude Include="pngtodib.h">
      <Filter>Header Files</Filter>
    </ClInclude>
    <ClInclude Include="resource.h">
      <Filter>Header Files</Filter>
    </ClInclude>
    <ClInclude Include="tweakpng.h">
      <Filter>Header Files</Filter>
    </ClInclude>
    <ClInclude Include="twpng-config.h">
      <Filter>Header Files</Filter>
    </ClInclude>
  </ItemGroup>
  <ItemGroup>
    <None Include="drag2.cur">
      <Filter>Resource Files</Filter>
    </None>
  </ItemGroup>
  <ItemGroup>
    <Image Include="icon_1.ico">
      <Filter>Resource Files</Filter>
    </Image>
    <Image Include="icon_2.ico">
      <Filter>Resource Files</Filter>
    </Image>
  </ItemGroup>
</Project>